
Microsoft Visual Studio Solution File, Format Version 12.00
# Visual Studio Version 16
VisualStudioVersion = 16.0.31105.61
MinimumVisualStudioVersion = 10.0.40219.1
Project("{8BC9CEB8-8B4A-11D0-8D11-00A0C91BC942}") = "NewSpriteCreator-GUI", "NewSpriteCreator-GUI\NewSpriteCreator-GUI.vcxproj", "{AB4819BC-7055-494D-8E0F-FD4798B9B05D}"
EndProject
Global
	GlobalSection(SolutionConfigurationPlatforms) = preSolution
		Debug|x64 = Debug|x64
		Debug|x86 = Debug|x86
		Release|x64 = Release|x64
		Release|x86 = Release|x86
	EndGlobalSection
	GlobalSection(ProjectConfigurationPlatforms) = postSolution
		{AB4819BC-7055-494D-8E0F-FD4798B9B05D}.Debug|x64.ActiveCfg = Debug|x64
		{AB4819BC-7055-494D-8E0F-FD4798B9B05D}.Debug|x64.Build.0 = Debug|x64
		{AB4819BC-7055-494D-8E0F-FD4798B9B05D}.Debug|x86.ActiveCfg = Debug|Win32
		{AB4819BC-7055-494D-8E0F-FD4798B9B05D}.Debug|x86.Build.0 = Debug|Win32
		{AB4819BC-7055-494D-8E0F-FD4798B9B05D}.Release|x64.ActiveCfg = Release|x64
		{AB4819BC-7055-494D-8E0F-FD4798B9B05D}.Release|x64.Build.0 = Release|x64
		{AB4819BC-7055-494D-8E0F-FD4798B9B05D}.Release|x86.ActiveCfg = Release|Win32
		{AB4819BC-7055-494D-8E0F-FD4798B9B05D}.Release|x86.Build.0 = Release|Win32
	EndGlobalSection
	GlobalSection(SolutionProperties) = preSolution
		HideSolutionNode = FALSE
	EndGlobalSection
	GlobalSection(ExtensibilityGlobals) = postSolution
		SolutionGuid = {9396CF5A-0E49-4BDD-8337-3E15B8C4BE0B}
	EndGlobalSection
EndGlobal
